
Microsoft Visual Studio Solution File, Format Version 12.00
# Visual Studio Version 16
VisualStudioVersion = 16.0.31702.278
MinimumVisualStudioVersion = 10.0.40219.1
Project("{FAE04EC0-301F-11D3-BF4B-00C04F79EFBC}") = "Lab11", "Lab11.csproj", "{3D515562-C494-4CE5-822A-6A3B4F602E4C}"
EndProject
Global
	GlobalSection(SolutionConfigurationPlatforms) = preSolution
		Debug|Any CPU = Debug|Any CPU
		Release|Any CPU = Release|Any CPU
	EndGlobalSection
	GlobalSection(ProjectConfigurationPlatforms) = postSolution
		{3D515562-C494-4CE5-822A-6A3B4F602E4C}.Debug|Any CPU.ActiveCfg = Debug|Any CPU
		{3D515562-C494-4CE5-822A-6A3B4F602E4C}.Debug|Any CPU.Build.0 = Debug|Any CPU
		{3D515562-C494-4CE5-822A-6A3B4F602E4C}.Release|Any CPU.ActiveCfg = Release|Any CPU
		{3D515562-C494-4CE5-822A-6A3B4F602E4C}.Release|Any CPU.Build.0 = Release|Any CPU
	EndGlobalSection
	GlobalSection(SolutionProperties) = preSolution
		HideSolutionNode = FALSE
	EndGlobalSection
	GlobalSection(ExtensibilityGlobals) = postSolution
		SolutionGuid = {C05B404E-E0EA-449B-81C5-DAB5330C135A}
	EndGlobalSection
EndGlobal
