
Microsoft Visual Studio Solution File, Format Version 12.00
# Visual Studio Version 16
VisualStudioVersion = 16.0.31005.135
MinimumVisualStudioVersion = 10.0.40219.1
Project("{FAE04EC0-301F-11D3-BF4B-00C04F79EFBC}") = "Cal2", "Cal2.csproj", "{2C278C97-A981-4BFE-8851-51120A7657AB}"
EndProject
Global
	GlobalSection(SolutionConfigurationPlatforms) = preSolution
		Debug|Any CPU = Debug|Any CPU
		Release|Any CPU = Release|Any CPU
	EndGlobalSection
	GlobalSection(ProjectConfigurationPlatforms) = postSolution
		{2C278C97-A981-4BFE-8851-51120A7657AB}.Debug|Any CPU.ActiveCfg = Debug|Any CPU
		{2C278C97-A981-4BFE-8851-51120A7657AB}.Debug|Any CPU.Build.0 = Debug|Any CPU
		{2C278C97-A981-4BFE-8851-51120A7657AB}.Release|Any CPU.ActiveCfg = Release|Any CPU
		{2C278C97-A981-4BFE-8851-51120A7657AB}.Release|Any CPU.Build.0 = Release|Any CPU
	EndGlobalSection
	GlobalSection(SolutionProperties) = preSolution
		HideSolutionNode = FALSE
	EndGlobalSection
	GlobalSection(ExtensibilityGlobals) = postSolution
		SolutionGuid = {1D8D72D2-2F54-4DC4-BB16-5EBEEFD71856}
	EndGlobalSection
EndGlobal
