
Microsoft Visual Studio Solution File, Format Version 12.00
# Visual Studio Version 16
VisualStudioVersion = 16.0.31005.135
MinimumVisualStudioVersion = 10.0.40219.1
Project("{FAE04EC0-301F-11D3-BF4B-00C04F79EFBC}") = "MessageBoxShow", "MessageBoxShow.csproj", "{FF4A92DE-40D4-41A2-9F97-1DEAB9D79CC0}"
EndProject
Global
	GlobalSection(SolutionConfigurationPlatforms) = preSolution
		Debug|Any CPU = Debug|Any CPU
		Release|Any CPU = Release|Any CPU
	EndGlobalSection
	GlobalSection(ProjectConfigurationPlatforms) = postSolution
		{FF4A92DE-40D4-41A2-9F97-1DEAB9D79CC0}.Debug|Any CPU.ActiveCfg = Debug|Any CPU
		{FF4A92DE-40D4-41A2-9F97-1DEAB9D79CC0}.Debug|Any CPU.Build.0 = Debug|Any CPU
		{FF4A92DE-40D4-41A2-9F97-1DEAB9D79CC0}.Release|Any CPU.ActiveCfg = Release|Any CPU
		{FF4A92DE-40D4-41A2-9F97-1DEAB9D79CC0}.Release|Any CPU.Build.0 = Release|Any CPU
	EndGlobalSection
	GlobalSection(SolutionProperties) = preSolution
		HideSolutionNode = FALSE
	EndGlobalSection
	GlobalSection(ExtensibilityGlobals) = postSolution
		SolutionGuid = {B6EAE11C-2416-4EC0-9339-24ADA3080C39}
	EndGlobalSection
EndGlobal
