
Microsoft Visual Studio Solution File, Format Version 12.00
# Visual Studio Version 16
VisualStudioVersion = 16.0.31005.135
MinimumVisualStudioVersion = 10.0.40219.1
Project("{FAE04EC0-301F-11D3-BF4B-00C04F79EFBC}") = "Lab6", "Lab6.csproj", "{2620FDDF-D4D6-4AA0-B8FD-C20132556818}"
EndProject
Global
	GlobalSection(SolutionConfigurationPlatforms) = preSolution
		Debug|Any CPU = Debug|Any CPU
		Release|Any CPU = Release|Any CPU
	EndGlobalSection
	GlobalSection(ProjectConfigurationPlatforms) = postSolution
		{2620FDDF-D4D6-4AA0-B8FD-C20132556818}.Debug|Any CPU.ActiveCfg = Debug|Any CPU
		{2620FDDF-D4D6-4AA0-B8FD-C20132556818}.Debug|Any CPU.Build.0 = Debug|Any CPU
		{2620FDDF-D4D6-4AA0-B8FD-C20132556818}.Release|Any CPU.ActiveCfg = Release|Any CPU
		{2620FDDF-D4D6-4AA0-B8FD-C20132556818}.Release|Any CPU.Build.0 = Release|Any CPU
	EndGlobalSection
	GlobalSection(SolutionProperties) = preSolution
		HideSolutionNode = FALSE
	EndGlobalSection
	GlobalSection(ExtensibilityGlobals) = postSolution
		SolutionGuid = {19A013CF-DD72-4E99-B71F-DA929DA82FAE}
	EndGlobalSection
EndGlobal
